// !$*UTF8*$!
{
	archiveVersion = 1;
	classes = {
	};
	objectVersion = 50;
	objects = {

/* Begin PBXBuildFile section */
		7A30037023A6C0CC007C6F80 /* DetailView.swift in Sources */ = {isa = PBXBuildFile; fileRef = 7A30036F23A6C0CC007C6F80 /* DetailView.swift */; };
		7A83FC8923881749001299A1 /* AppDelegate.swift in Sources */ = {isa = PBXBuildFile; fileRef = 7A83FC8823881749001299A1 /* AppDelegate.swift */; };
		7A83FC8B23881749001299A1 /* SceneDelegate.swift in Sources */ = {isa = PBXBuildFile; fileRef = 7A83FC8A23881749001299A1 /* SceneDelegate.swift */; };
		7A83FC8E23881749001299A1 /* BookWormCoreData.xcdatamodeld in Sources */ = {isa = PBXBuildFile; fileRef = 7A83FC8C23881749001299A1 /* BookWormCoreData.xcdatamodeld */; };
		7A83FC9023881749001299A1 /* ContentView.swift in Sources */ = {isa = PBXBuildFile; fileRef = 7A83FC8F23881749001299A1 /* ContentView.swift */; };
		7A83FC922388174D001299A1 /* Assets.xcassets in Resources */ = {isa = PBXBuildFile; fileRef = 7A83FC912388174D001299A1 /* Assets.xcassets */; };
		7A83FC952388174D001299A1 /* Preview Assets.xcassets in Resources */ = {isa = PBXBuildFile; fileRef = 7A83FC942388174D001299A1 /* Preview Assets.xcassets */; };
		7A83FC982388174D001299A1 /* LaunchScreen.storyboard in Resources */ = {isa = PBXBuildFile; fileRef = 7A83FC962388174D001299A1 /* LaunchScreen.storyboard */; };
		7A83FCA02388180F001299A1 /* AddBookView.swift in Sources */ = {isa = PBXBuildFile; fileRef = 7A83FC9F2388180F001299A1 /* AddBookView.swift */; };
		7A83FCA2238ACCC2001299A1 /* RatingView.swift in Sources */ = {isa = PBXBuildFile; fileRef = 7A83FCA1238ACCC2001299A1 /* RatingView.swift */; };
		7A83FCA4238ACEF7001299A1 /* EmojiRatingView.swift in Sources */ = {isa = PBXBuildFile; fileRef = 7A83FCA3238ACEF7001299A1 /* EmojiRatingView.swift */; };
/* End PBXBuildFile section */

/* Begin PBXFileReference section */
		7A30036F23A6C0CC007C6F80 /* DetailView.swift */ = {isa = PBXFileReference; lastKnownFileType = sourcecode.swift; path = DetailView.swift; sourceTree = "<group>"; };
		7A83FC8523881749001299A1 /* BookWormCoreData.app */ = {isa = PBXFileReference; explicitFileType = wrapper.application; includeInIndex = 0; path = BookWormCoreData.app; sourceTree = BUILT_PRODUCTS_DIR; };
		7A83FC8823881749001299A1 /* AppDelegate.swift */ = {isa = PBXFileReference; lastKnownFileType = sourcecode.swift; path = AppDelegate.swift; sourceTree = "<group>"; };
		7A83FC8A23881749001299A1 /* SceneDelegate.swift */ = {isa = PBXFileReference; lastKnownFileType = sourcecode.swift; path = SceneDelegate.swift; sourceTree = "<group>"; };
		7A83FC8D23881749001299A1 /* BookWormCoreData.xcdatamodel */ = {isa = PBXFileReference; lastKnownFileType = wrapper.xcdatamodel; path = BookWormCoreData.xcdatamodel; sourceTree = "<group>"; };
		7A83FC8F23881749001299A1 /* ContentView.swift */ = {isa = PBXFileReference; lastKnownFileType = sourcecode.swift; path = ContentView.swift; sourceTree = "<group>"; };
		7A83FC912388174D001299A1 /* Assets.xcassets */ = {isa = PBXFileReference; lastKnownFileType = folder.assetcatalog; path = Assets.xcassets; sourceTree = "<group>"; };
		7A83FC942388174D001299A1 /* Preview Assets.xcassets */ = {isa = PBXFileReference; lastKnownFileType = folder.assetcatalog; path = "Preview Assets.xcassets"; sourceTree = "<group>"; };
		7A83FC972388174D001299A1 /* Base */ = {isa = PBXFileReference; lastKnownFileType = file.storyboard; name = Base; path = Base.lproj/LaunchScreen.storyboard; sourceTree = "<group>"; };
		7A83FC992388174D001299A1 /* Info.plist */ = {isa = PBXFileReference; lastKnownFileType = text.plist.xml; path = Info.plist; sourceTree = "<group>"; };
		7A83FC9F2388180F001299A1 /* AddBookView.swift */ = {isa = PBXFileReference; lastKnownFileType = sourcecode.swift; path = AddBookView.swift; sourceTree = "<group>"; };
		7A83FCA1238ACCC2001299A1 /* RatingView.swift */ = {isa = PBXFileReference; lastKnownFileType = sourcecode.swift; path = RatingView.swift; sourceTree = "<group>"; };
		7A83FCA3238ACEF7001299A1 /* EmojiRatingView.swift */ = {isa = PBXFileReference; lastKnownFileType = sourcecode.swift; path = EmojiRatingView.swift; sourceTree = "<group>"; };
/* End PBXFileReference section */

/* Begin PBXFrameworksBuildPhase section */
		7A83FC8223881749001299A1 /* Frameworks */ = {
			isa = PBXFrameworksBuildPhase;
			buildActionMask = 2147483647;
			files = (
			);
			runOnlyForDeploymentPostprocessing = 0;
		};
/* End PBXFrameworksBuildPhase section */

/* Begin PBXGroup section */
		7A83FC7C23881749001299A1 = {
			isa = PBXGroup;
			children = (
				7A83FC8723881749001299A1 /* BookWormCoreData */,
				7A83FC8623881749001299A1 /* Products */,
			);
			sourceTree = "<group>";
		};
		7A83FC8623881749001299A1 /* Products */ = {
			isa = PBXGroup;
			children = (
				7A83FC8523881749001299A1 /* BookWormCoreData.app */,
			);
			name = Products;
			sourceTree = "<group>";
		};
		7A83FC8723881749001299A1 /* BookWormCoreData */ = {
			isa = PBXGroup;
			children = (
				7A83FC8823881749001299A1 /* AppDelegate.swift */,
				7A83FC8A23881749001299A1 /* SceneDelegate.swift */,
				7A83FC8F23881749001299A1 /* ContentView.swift */,
				7A83FC9F2388180F001299A1 /* AddBookView.swift */,
				7A83FCA1238ACCC2001299A1 /* RatingView.swift */,
				7A83FCA3238ACEF7001299A1 /* EmojiRatingView.swift */,
				7A30036F23A6C0CC007C6F80 /* DetailView.swift */,
				7A83FC912388174D001299A1 /* Assets.xcassets */,
				7A83FC962388174D001299A1 /* LaunchScreen.storyboard */,
				7A83FC992388174D001299A1 /* Info.plist */,
				7A83FC8C23881749001299A1 /* BookWormCoreData.xcdatamodeld */,
				7A83FC932388174D001299A1 /* Preview Content */,
			);
			path = BookWormCoreData;
			sourceTree = "<group>";
		};
		7A83FC932388174D001299A1 /* Preview Content */ = {
			isa = PBXGroup;
			children = (
				7A83FC942388174D001299A1 /* Preview Assets.xcassets */,
			);
			path = "Preview Content";
			sourceTree = "<group>";
		};
/* End PBXGroup section */

/* Begin PBXNativeTarget section */
		7A83FC8423881749001299A1 /* BookWormCoreData */ = {
			isa = PBXNativeTarget;
			buildConfigurationList = 7A83FC9C2388174D001299A1 /* Build configuration list for PBXNativeTarget "BookWormCoreData" */;
			buildPhases = (
				7A83FC8123881749001299A1 /* Sources */,
				7A83FC8223881749001299A1 /* Frameworks */,
				7A83FC8323881749001299A1 /* Resources */,
			);
			buildRules = (
			);
			dependencies = (
			);
			name = BookWormCoreData;
			productName = BookWormCoreData;
			productReference = 7A83FC8523881749001299A1 /* BookWormCoreData.app */;
			productType = "com.apple.product-type.application";
		};
/* End PBXNativeTarget section */

/* Begin PBXProject section */
		7A83FC7D23881749001299A1 /* Project object */ = {
			isa = PBXProject;
			attributes = {
				LastSwiftUpdateCheck = 1120;
				LastUpgradeCheck = 1120;
				ORGANIZATIONNAME = "Nelson Gonzalez";
				TargetAttributes = {
					7A83FC8423881749001299A1 = {
						CreatedOnToolsVersion = 11.2.1;
					};
				};
			};
			buildConfigurationList = 7A83FC8023881749001299A1 /* Build configuration list for PBXProject "BookWormCoreData" */;
			compatibilityVersion = "Xcode 9.3";
			developmentRegion = en;
			hasScannedForEncodings = 0;
			knownRegions = (
				en,
				Base,
			);
			mainGroup = 7A83FC7C23881749001299A1;
			productRefGroup = 7A83FC8623881749001299A1 /* Products */;
			projectDirPath = "";
			projectRoot = "";
			targets = (
				7A83FC8423881749001299A1 /* BookWormCoreData */,
			);
		};
/* End PBXProject section */

/* Begin PBXResourcesBuildPhase section */
		7A83FC8323881749001299A1 /* Resources */ = {
			isa = PBXResourcesBuildPhase;
			buildActionMask = 2147483647;
			files = (
				7A83FC982388174D001299A1 /* LaunchScreen.storyboard in Resources */,
				7A83FC952388174D001299A1 /* Preview Assets.xcassets in Resources */,
				7A83FC922388174D001299A1 /* Assets.xcassets in Resources */,
			);
			runOnlyForDeploymentPostprocessing = 0;
		};
/* End PBXResourcesBuildPhase section */

/* Begin PBXSourcesBuildPhase section */
		7A83FC8123881749001299A1 /* Sources */ = {
			isa = PBXSourcesBuildPhase;
			buildActionMask = 2147483647;
			files = (
				7A83FC8923881749001299A1 /* AppDelegate.swift in Sources */,
				7A30037023A6C0CC007C6F80 /* DetailView.swift in Sources */,
				7A83FC8E23881749001299A1 /* BookWormCoreData.xcdatamodeld in Sources */,
				7A83FCA4238ACEF7001299A1 /* EmojiRatingView.swift in Sources */,
				7A83FC9023881749001299A1 /* ContentView.swift in Sources */,
				7A83FCA2238ACCC2001299A1 /* RatingView.swift in Sources */,
				7A83FC8B23881749001299A1 /* SceneDelegate.swift in Sources */,
				7A83FCA02388180F001299A1 /* AddBookView.swift in Sources */,
			);
			runOnlyForDeploymentPostprocessing = 0;
		};
/* End PBXSourcesBuildPhase section */

/* Begin PBXVariantGroup section */
		7A83FC962388174D001299A1 /* LaunchScreen.storyboard */ = {
			isa = PBXVariantGroup;
			children = (
				7A83FC972388174D001299A1 /* Base */,
			);
			name = LaunchScreen.storyboard;
			sourceTree = "<group>";
		};
/* End PBXVariantGroup section */

/* Begin XCBuildConfiguration section */
		7A83FC9A2388174D001299A1 /* Debug */ = {
			isa = XCBuildConfiguration;
			buildSettings = {
				ALWAYS_SEARCH_USER_PATHS = NO;
				CLANG_ANALYZER_NONNULL = YES;
				CLANG_ANALYZER_NUMBER_OBJECT_CONVERSION = YES_AGGRESSIVE;
				CLANG_CXX_LANGUAGE_STANDARD = "gnu++14";
				CLANG_CXX_LIBRARY = "libc++";
				CLANG_ENABLE_MODULES = YES;
				CLANG_ENABLE_OBJC_ARC = YES;
				CLANG_ENABLE_OBJC_WEAK = YES;
				CLANG_WARN_BLOCK_CAPTURE_AUTORELEASING = YES;
				CLANG_WARN_BOOL_CONVERSION = YES;
				CLANG_WARN_COMMA = YES;
				CLANG_WARN_CONSTANT_CONVERSION = YES;
				CLANG_WARN_DEPRECATED_OBJC_IMPLEMENTATIONS = YES;
				CLANG_WARN_DIRECT_OBJC_ISA_USAGE = YES_ERROR;
				CLANG_WARN_DOCUMENTATION_COMMENTS = YES;
				CLANG_WARN_EMPTY_BODY = YES;
				CLANG_WARN_ENUM_CONVERSION = YES;
				CLANG_WARN_INFINITE_RECURSION = YES;
				CLANG_WARN_INT_CONVERSION = YES;
				CLANG_WARN_NON_LITERAL_NULL_CONVERSION = YES;
				CLANG_WARN_OBJC_IMPLICIT_RETAIN_SELF = YES;
				CLANG_WARN_OBJC_LITERAL_CONVERSION = YES;
				CLANG_WARN_OBJC_ROOT_CLASS = YES_ERROR;
				CLANG_WARN_RANGE_LOOP_ANALYSIS = YES;
				CLANG_WARN_STRICT_PROTOTYPES = YES;
				CLANG_WARN_SUSPICIOUS_MOVE = YES;
				CLANG_WARN_UNGUARDED_AVAILABILITY = YES_AGGRESSIVE;
				CLANG_WARN_UNREACHABLE_CODE = YES;
				CLANG_WARN__DUPLICATE_METHOD_MATCH = YES;
				COPY_PHASE_STRIP = NO;
				DEBUG_INFORMATION_FORMAT = dwarf;
				ENABLE_STRICT_OBJC_MSGSEND = YES;
				ENABLE_TESTABILITY = YES;
				GCC_C_LANGUAGE_STANDARD = gnu11;
				GCC_DYNAMIC_NO_PIC = NO;
				GCC_NO_COMMON_BLOCKS = YES;
				GCC_OPTIMIZATION_LEVEL = 0;
				GCC_PREPROCESSOR_DEFINITIONS = (
					"DEBUG=1",
					"$(inherited)",
				);
				GCC_WARN_64_TO_32_BIT_CONVERSION = YES;
				GCC_WARN_ABOUT_RETURN_TYPE = YES_ERROR;
				GCC_WARN_UNDECLARED_SELECTOR = YES;
				GCC_WARN_UNINITIALIZED_AUTOS = YES_AGGRESSIVE;
				GCC_WARN_UNUSED_FUNCTION = YES;
				GCC_WARN_UNUSED_VARIABLE = YES;
				IPHONEOS_DEPLOYMENT_TARGET = 13.2;
				MTL_ENABLE_DEBUG_INFO = INCLUDE_SOURCE;
				MTL_FAST_MATH = YES;
				ONLY_ACTIVE_ARCH = YES;
				SDKROOT = iphoneos;
				SWIFT_ACTIVE_COMPILATION_CONDITIONS = DEBUG;
				SWIFT_OPTIMIZATION_LEVEL = "-Onone";
			};
			name = Debug;
		};
		7A83FC9B2388174D001299A1 /* Release */ = {
			isa = XCBuildConfiguration;
			buildSettings = {
				ALWAYS_SEARCH_USER_PATHS = NO;
				CLANG_ANALYZER_NONNULL = YES;
				CLANG_ANALYZER_NUMBER_OBJECT_CONVERSION = YES_AGGRESSIVE;
				CLANG_CXX_LANGUAGE_STANDARD = "gnu++14";
				CLANG_CXX_LIBRARY = "libc++";
				CLANG_ENABLE_MODULES = YES;
				CLANG_ENABLE_OBJC_ARC = YES;
				CLANG_ENABLE_OBJC_WEAK = YES;
				CLANG_WARN_BLOCK_CAPTURE_AUTORELEASING = YES;
				CLANG_WARN_BOOL_CONVERSION = YES;
				CLANG_WARN_COMMA = YES;
				CLANG_WARN_CONSTANT_CONVERSION = YES;
				CLANG_WARN_DEPRECATED_OBJC_IMPLEMENTATIONS = YES;
				CLANG_WARN_DIRECT_OBJC_ISA_USAGE = YES_ERROR;
				CLANG_WARN_DOCUMENTATION_COMMENTS = YES;
				CLANG_WARN_EMPTY_BODY = YES;
				CLANG_WARN_ENUM_CONVERSION = YES;
				CLANG_WARN_INFINITE_RECURSION = YES;
				CLANG_WARN_INT_CONVERSION = YES;
				CLANG_WARN_NON_LITERAL_NULL_CONVERSION = YES;
				CLANG_WARN_OBJC_IMPLICIT_RETAIN_SELF = YES;
				CLANG_WARN_OBJC_LITERAL_CONVERSION = YES;
				CLANG_WARN_OBJC_ROOT_CLASS = YES_ERROR;
				CLANG_WARN_RANGE_LOOP_ANALYSIS = YES;
				CLANG_WARN_STRICT_PROTOTYPES = YES;
				CLANG_WARN_SUSPICIOUS_MOVE = YES;
				CLANG_WARN_UNGUARDED_AVAILABILITY = YES_AGGRESSIVE;
				CLANG_WARN_UNREACHABLE_CODE = YES;
				CLANG_WARN__DUPLICATE_METHOD_MATCH = YES;
				COPY_PHASE_STRIP = NO;
				DEBUG_INFORMATION_FORMAT = "dwarf-with-dsym";
				ENABLE_NS_ASSERTIONS = NO;
				ENABLE_STRICT_OBJC_MSGSEND = YES;
				GCC_C_LANGUAGE_STANDARD = gnu11;
				GCC_NO_COMMON_BLOCKS = YES;
				GCC_WARN_64_TO_32_BIT_CONVERSION = YES;
				GCC_WARN_ABOUT_RETURN_TYPE = YES_ERROR;
				GCC_WARN_UNDECLARED_SELECTOR = YES;
				GCC_WARN_UNINITIALIZED_AUTOS = YES_AGGRESSIVE;
				GCC_WARN_UNUSED_FUNCTION = YES;
				GCC_WARN_UNUSED_VARIABLE = YES;
				IPHONEOS_DEPLOYMENT_TARGET = 13.2;
				MTL_ENABLE_DEBUG_INFO = NO;
				MTL_FAST_MATH = YES;
				SDKROOT = iphoneos;
				SWIFT_COMPILATION_MODE = wholemodule;
				SWIFT_OPTIMIZATION_LEVEL = "-O";
				VALIDATE_PRODUCT = YES;
			};
			name = Release;
		};
		7A83FC9D2388174D001299A1 /* Debug */ = {
			isa = XCBuildConfiguration;
			buildSettings = {
				ASSETCATALOG_COMPILER_APPICON_NAME = AppIcon;
				CODE_SIGN_STYLE = Automatic;
				DEVELOPMENT_ASSET_PATHS = "\"BookWormCoreData/Preview Content\"";
				DEVELOPMENT_TEAM = ZD9LN99SX6;
				ENABLE_PREVIEWS = YES;
				INFOPLIST_FILE = BookWormCoreData/Info.plist;
				LD_RUNPATH_SEARCH_PATHS = (
					"$(inherited)",
					"@executable_path/Frameworks",
				);
				PRODUCT_BUNDLE_IDENTIFIER = com.nelsongonzalez.BookWormCoreData;
				PRODUCT_NAME = "$(TARGET_NAME)";
				SWIFT_VERSION = 5.0;
				TARGETED_DEVICE_FAMILY = "1,2";
			};
			name = Debug;
		};
		7A83FC9E2388174D001299A1 /* Release */ = {
			isa = XCBuildConfiguration;
			buildSettings = {
				ASSETCATALOG_COMPILER_APPICON_NAME = AppIcon;
				CODE_SIGN_STYLE = Automatic;
				DEVELOPMENT_ASSET_PATHS = "\"BookWormCoreData/Preview Content\"";
				DEVELOPMENT_TEAM = ZD9LN99SX6;
				ENABLE_PREVIEWS = YES;
				INFOPLIST_FILE = BookWormCoreData/Info.plist;
				LD_RUNPATH_SEARCH_PATHS = (
					"$(inherited)",
					"@executable_path/Frameworks",
				);
				PRODUCT_BUNDLE_IDENTIFIER = com.nelsongonzalez.BookWormCoreData;
				PRODUCT_NAME = "$(TARGET_NAME)";
				SWIFT_VERSION = 5.0;
				TARGETED_DEVICE_FAMILY = "1,2";
			};
			name = Release;
		};
/* End XCBuildConfiguration section */

/* Begin XCConfigurationList section */
		7A83FC8023881749001299A1 /* Build configuration list for PBXProject "BookWormCoreData" */ = {
			isa = XCConfigurationList;
			buildConfigurations = (
				7A83FC9A2388174D001299A1 /* Debug */,
				7A83FC9B2388174D001299A1 /* Release */,
			);
			defaultConfigurationIsVisible = 0;
			defaultConfigurationName = Release;
		};
		7A83FC9C2388174D001299A1 /* Build configuration list for PBXNativeTarget "BookWormCoreData" */ = {
			isa = XCConfigurationList;
			buildConfigurations = (
				7A83FC9D2388174D001299A1 /* Debug */,
				7A83FC9E2388174D001299A1 /* Release */,
			);
			defaultConfigurationIsVisible = 0;
			defaultConfigurationName = Release;
		};
/* End XCConfigurationList section */

/* Begin XCVersionGroup section */
		7A83FC8C23881749001299A1 /* BookWormCoreData.xcdatamodeld */ = {
			isa = XCVersionGroup;
			children = (
				7A83FC8D23881749001299A1 /* BookWormCoreData.xcdatamodel */,
			);
			currentVersion = 7A83FC8D23881749001299A1 /* BookWormCoreData.xcdatamodel */;
			path = BookWormCoreData.xcdatamodeld;
			sourceTree = "<group>";
			versionGroupType = wrapper.xcdatamodel;
		};
/* End XCVersionGroup section */
	};
	rootObject = 7A83FC7D23881749001299A1 /* Project object */;
}
